PODS:
  - CocoaLumberjack (3.1.0):
    - CocoaLumberjack/Default (= 3.1.0)
    - CocoaLumberjack/Extensions (= 3.1.0)
  - CocoaLumberjack/Default (3.1.0)
  - CocoaLumberjack/Extensions (3.1.0):
    - CocoaLumberjack/Default
  - React (0.43.3):
    - React/Core (= 0.43.3)
  - React/Core (0.43.3):
    - React/cxxreact
    - Yoga (= 0.43.3.React)
  - React/cxxreact (0.43.3):
    - React/jschelpers
  - React/jschelpers (0.43.3)
  - RNBackgroundFetch (2.0.4):
    - React
  - RNBackgroundGeolocation (2.7.0):
    - CocoaLumberjack (~> 3.0)
    - React
    - RNBackgroundFetch
  - Yoga (0.43.3.React)

DEPENDENCIES:
  - React (from `../node_modules/react-native`)
  - RNBackgroundFetch (from `../node_modules/react-native-background-fetch`)
  - RNBackgroundGeolocation (from `../node_modules/react-native-background-geolocation-android`)
  - Yoga (from `../node_modules/react-native/ReactCommon/yoga`)

EXTERNAL SOURCES:
  React:
    :path: ../node_modules/react-native
  RNBackgroundFetch:
    :path: ../node_modules/react-native-background-fetch
  RNBackgroundGeolocation:
    :path: ../node_modules/react-native-background-geolocation-android
  Yoga:
    :path: ../node_modules/react-native/ReactCommon/yoga

SPEC CHECKSUMS:
  CocoaLumberjack: 8311463ddf9ee86a06ef92a071dd656c89244500
  React: f92caf8f7c132a7c311302b51f9576c4b38acfce
  RNBackgroundFetch: 8676ee5e49f16ace27ed8ea8e621c069d759cade
  RNBackgroundGeolocation: 8ca1e2d27bb8cd5621482bd602bbe11b5f167cf7
  Yoga: 67a0193245365089c48526201499f7df334e05f7

PODFILE CHECKSUM: ab81744b477a6b4f5cf534c9fc22bd4e8c1ff617

COCOAPODS: 1.2.0
